
Microsoft Visual Studio Solution File, Format Version 12.00
# Visual Studio Version 17
VisualStudioVersion = 17.3.32901.215
MinimumVisualStudioVersion = 10.0.40219.1
Project("{FAE04EC0-301F-11D3-BF4B-00C04F79EFBC}") = "CumulativeProjectJigarmehta", "CumulativeProjectJigarmehta.csproj", "{1D30283D-B65B-4D2A-A04F-E11AAFDEBDA9}"
EndProject
Global
	GlobalSection(SolutionConfigurationPlatforms) = preSolution
		Debug|Any CPU = Debug|Any CPU
		Release|Any CPU = Release|Any CPU
	EndGlobalSection
	GlobalSection(ProjectConfigurationPlatforms) = postSolution
		{1D30283D-B65B-4D2A-A04F-E11AAFDEBDA9}.Debug|Any CPU.ActiveCfg = Debug|Any CPU
		{1D30283D-B65B-4D2A-A04F-E11AAFDEBDA9}.Debug|Any CPU.Build.0 = Debug|Any CPU
		{1D30283D-B65B-4D2A-A04F-E11AAFDEBDA9}.Release|Any CPU.ActiveCfg = Release|Any CPU
		{1D30283D-B65B-4D2A-A04F-E11AAFDEBDA9}.Release|Any CPU.Build.0 = Release|Any CPU
	EndGlobalSection
	GlobalSection(SolutionProperties) = preSolution
		HideSolutionNode = FALSE
	EndGlobalSection
	GlobalSection(ExtensibilityGlobals) = postSolution
		SolutionGuid = {4C460D95-C795-4C8A-8B3A-1013FEBC633B}
	EndGlobalSection
EndGlobal
